// !$*UTF8*$!
{
	archiveVersion = 1;
	classes = {
	};
	objectVersion = 50;
	objects = {

/* Begin PBXBuildFile section */
		818B16BB25BFE72C006E374B /* AppDelegate.m in Sources */ = {isa = PBXBuildFile; fileRef = 818B16BA25BFE72C006E374B /* AppDelegate.m */; };
		818B16BE25BFE72C006E374B /* SceneDelegate.m in Sources */ = {isa = PBXBuildFile; fileRef = 818B16BD25BFE72C006E374B /* SceneDelegate.m */; };
		818B16C125BFE72C006E374B /* ViewController.m in Sources */ = {isa = PBXBuildFile; fileRef = 818B16C025BFE72C006E374B /* ViewController.m */; };
		818B16C425BFE72C006E374B /* Main.storyboard in Resources */ = {isa = PBXBuildFile; fileRef = 818B16C225BFE72C006E374B /* Main.storyboard */; };
		818B16C625BFE72D006E374B /* Assets.xcassets in Resources */ = {isa = PBXBuildFile; fileRef = 818B16C525BFE72D006E374B /* Assets.xcassets */; };
		818B16C925BFE72D006E374B /* LaunchScreen.storyboard in Resources */ = {isa = PBXBuildFile; fileRef = 818B16C725BFE72D006E374B /* LaunchScreen.storyboard */; };
		818B16CC25BFE72D006E374B /* main.m in Sources */ = {isa = PBXBuildFile; fileRef = 818B16CB25BFE72D006E374B /* main.m */; };
		818B16D625BFE72D006E374B /* CYHCommonLibTests.m in Sources */ = {isa = PBXBuildFile; fileRef = 818B16D525BFE72D006E374B /* CYHCommonLibTests.m */; };
		818B16E125BFE72D006E374B /* CYHCommonLibUITests.m in Sources */ = {isa = PBXBuildFile; fileRef = 818B16E025BFE72D006E374B /* CYHCommonLibUITests.m */; };
/* End PBXBuildFile section */

/* Begin PBXContainerItemProxy section */
		818B16D225BFE72D006E374B /* PBXContainerItemProxy */ = {
			isa = PBXContainerItemProxy;
			containerPortal = 818B16AE25BFE72C006E374B /* Project object */;
			proxyType = 1;
			remoteGlobalIDString = 818B16B525BFE72C006E374B;
			remoteInfo = CYHCommonLib;
		};
		818B16DD25BFE72D006E374B /* PBXContainerItemProxy */ = {
			isa = PBXContainerItemProxy;
			containerPortal = 818B16AE25BFE72C006E374B /* Project object */;
			proxyType = 1;
			remoteGlobalIDString = 818B16B525BFE72C006E374B;
			remoteInfo = CYHCommonLib;
		};
/* End PBXContainerItemProxy section */

/* Begin PBXFileReference section */
		818B16B625BFE72C006E374B /* CYHCommonLib.app */ = {isa = PBXFileReference; explicitFileType = wrapper.application; includeInIndex = 0; path = CYHCommonLib.app; sourceTree = BUILT_PRODUCTS_DIR; };
		818B16B925BFE72C006E374B /* AppDelegate.h */ = {isa = PBXFileReference; lastKnownFileType = sourcecode.c.h; path = AppDelegate.h; sourceTree = "<group>"; };
		818B16BA25BFE72C006E374B /* AppDelegate.m */ = {isa = PBXFileReference; lastKnownFileType = sourcecode.c.objc; path = AppDelegate.m; sourceTree = "<group>"; };
		818B16BC25BFE72C006E374B /* SceneDelegate.h */ = {isa = PBXFileReference; lastKnownFileType = sourcecode.c.h; path = SceneDelegate.h; sourceTree = "<group>"; };
		818B16BD25BFE72C006E374B /* SceneDelegate.m */ = {isa = PBXFileReference; lastKnownFileType = sourcecode.c.objc; path = SceneDelegate.m; sourceTree = "<group>"; };
		818B16BF25BFE72C006E374B /* ViewController.h */ = {isa = PBXFileReference; lastKnownFileType = sourcecode.c.h; path = ViewController.h; sourceTree = "<group>"; };
		818B16C025BFE72C006E374B /* ViewController.m */ = {isa = PBXFileReference; lastKnownFileType = sourcecode.c.objc; path = ViewController.m; sourceTree = "<group>"; };
		818B16C325BFE72C006E374B /* Base */ = {isa = PBXFileReference; lastKnownFileType = file.storyboard; name = Base; path = Base.lproj/Main.storyboard; sourceTree = "<group>"; };
		818B16C525BFE72D006E374B /* Assets.xcassets */ = {isa = PBXFileReference; lastKnownFileType = folder.assetcatalog; path = Assets.xcassets; sourceTree = "<group>"; };
		818B16C825BFE72D006E374B /* Base */ = {isa = PBXFileReference; lastKnownFileType = file.storyboard; name = Base; path = Base.lproj/LaunchScreen.storyboard; sourceTree = "<group>"; };
		818B16CA25BFE72D006E374B /* Info.plist */ = {isa = PBXFileReference; lastKnownFileType = text.plist.xml; path = Info.plist; sourceTree = "<group>"; };
		818B16CB25BFE72D006E374B /* main.m */ = {isa = PBXFileReference; lastKnownFileType = sourcecode.c.objc; path = main.m; sourceTree = "<group>"; };
		818B16D125BFE72D006E374B /* CYHCommonLibTests.xctest */ = {isa = PBXFileReference; explicitFileType = wrapper.cfbundle; includeInIndex = 0; path = CYHCommonLibTests.xctest; sourceTree = BUILT_PRODUCTS_DIR; };
		818B16D525BFE72D006E374B /* CYHCommonLibTests.m */ = {isa = PBXFileReference; lastKnownFileType = sourcecode.c.objc; path = CYHCommonLibTests.m; sourceTree = "<group>"; };
		818B16D725BFE72D006E374B /* Info.plist */ = {isa = PBXFileReference; lastKnownFileType = text.plist.xml; path = Info.plist; sourceTree = "<group>"; };
		818B16DC25BFE72D006E374B /* CYHCommonLibUITests.xctest */ = {isa = PBXFileReference; explicitFileType = wrapper.cfbundle; includeInIndex = 0; path = CYHCommonLibUITests.xctest; sourceTree = BUILT_PRODUCTS_DIR; };
		818B16E025BFE72D006E374B /* CYHCommonLibUITests.m */ = {isa = PBXFileReference; lastKnownFileType = sourcecode.c.objc; path = CYHCommonLibUITests.m; sourceTree = "<group>"; };
		818B16E225BFE72D006E374B /* Info.plist */ = {isa = PBXFileReference; lastKnownFileType = text.plist.xml; path = Info.plist; sourceTree = "<group>"; };
/* End PBXFileReference section */

/* Begin PBXFrameworksBuildPhase section */
		818B16B325BFE72C006E374B /* Frameworks */ = {
			isa = PBXFrameworksBuildPhase;
			buildActionMask = 2147483647;
			files = (
			);
			runOnlyForDeploymentPostprocessing = 0;
		};
		818B16CE25BFE72D006E374B /* Frameworks */ = {
			isa = PBXFrameworksBuildPhase;
			buildActionMask = 2147483647;
			files = (
			);
			runOnlyForDeploymentPostprocessing = 0;
		};
		818B16D925BFE72D006E374B /* Frameworks */ = {
			isa = PBXFrameworksBuildPhase;
			buildActionMask = 2147483647;
			files = (
			);
			runOnlyForDeploymentPostprocessing = 0;
		};
/* End PBXFrameworksBuildPhase section */

/* Begin PBXGroup section */
		818B16AD25BFE72C006E374B = {
			isa = PBXGroup;
			children = (
				818B16B825BFE72C006E374B /* CYHCommonLib */,
				818B16D425BFE72D006E374B /* CYHCommonLibTests */,
				818B16DF25BFE72D006E374B /* CYHCommonLibUITests */,
				818B16B725BFE72C006E374B /* Products */,
			);
			sourceTree = "<group>";
		};
		818B16B725BFE72C006E374B /* Products */ = {
			isa = PBXGroup;
			children = (
				818B16B625BFE72C006E374B /* CYHCommonLib.app */,
				818B16D125BFE72D006E374B /* CYHCommonLibTests.xctest */,
				818B16DC25BFE72D006E374B /* CYHCommonLibUITests.xctest */,
			);
			name = Products;
			sourceTree = "<group>";
		};
		818B16B825BFE72C006E374B /* CYHCommonLib */ = {
			isa = PBXGroup;
			children = (
				818B16B925BFE72C006E374B /* AppDelegate.h */,
				818B16BA25BFE72C006E374B /* AppDelegate.m */,
				818B16BC25BFE72C006E374B /* SceneDelegate.h */,
				818B16BD25BFE72C006E374B /* SceneDelegate.m */,
				818B16BF25BFE72C006E374B /* ViewController.h */,
				818B16C025BFE72C006E374B /* ViewController.m */,
				818B16C225BFE72C006E374B /* Main.storyboard */,
				818B16C525BFE72D006E374B /* Assets.xcassets */,
				818B16C725BFE72D006E374B /* LaunchScreen.storyboard */,
				818B16CA25BFE72D006E374B /* Info.plist */,
				818B16CB25BFE72D006E374B /* main.m */,
			);
			path = CYHCommonLib;
			sourceTree = "<group>";
		};
		818B16D425BFE72D006E374B /* CYHCommonLibTests */ = {
			isa = PBXGroup;
			children = (
				818B16D525BFE72D006E374B /* CYHCommonLibTests.m */,
				818B16D725BFE72D006E374B /* Info.plist */,
			);
			path = CYHCommonLibTests;
			sourceTree = "<group>";
		};
		818B16DF25BFE72D006E374B /* CYHCommonLibUITests */ = {
			isa = PBXGroup;
			children = (
				818B16E025BFE72D006E374B /* CYHCommonLibUITests.m */,
				818B16E225BFE72D006E374B /* Info.plist */,
			);
			path = CYHCommonLibUITests;
			sourceTree = "<group>";
		};
/* End PBXGroup section */

/* Begin PBXNativeTarget section */
		818B16B525BFE72C006E374B /* CYHCommonLib */ = {
			isa = PBXNativeTarget;
			buildConfigurationList = 818B16E525BFE72D006E374B /* Build configuration list for PBXNativeTarget "CYHCommonLib" */;
			buildPhases = (
				818B16B225BFE72C006E374B /* Sources */,
				818B16B325BFE72C006E374B /* Frameworks */,
				818B16B425BFE72C006E374B /* Resources */,
			);
			buildRules = (
			);
			dependencies = (
			);
			name = CYHCommonLib;
			productName = CYHCommonLib;
			productReference = 818B16B625BFE72C006E374B /* CYHCommonLib.app */;
			productType = "com.apple.product-type.application";
		};
		818B16D025BFE72D006E374B /* CYHCommonLibTests */ = {
			isa = PBXNativeTarget;
			buildConfigurationList = 818B16E825BFE72D006E374B /* Build configuration list for PBXNativeTarget "CYHCommonLibTests" */;
			buildPhases = (
				818B16CD25BFE72D006E374B /* Sources */,
				818B16CE25BFE72D006E374B /* Frameworks */,
				818B16CF25BFE72D006E374B /* Resources */,
			);
			buildRules = (
			);
			dependencies = (
				818B16D325BFE72D006E374B /* PBXTargetDependency */,
			);
			name = CYHCommonLibTests;
			productName = CYHCommonLibTests;
			productReference = 818B16D125BFE72D006E374B /* CYHCommonLibTests.xctest */;
			productType = "com.apple.product-type.bundle.unit-test";
		};
		818B16DB25BFE72D006E374B /* CYHCommonLibUITests */ = {
			isa = PBXNativeTarget;
			buildConfigurationList = 818B16EB25BFE72D006E374B /* Build configuration list for PBXNativeTarget "CYHCommonLibUITests" */;
			buildPhases = (
				818B16D825BFE72D006E374B /* Sources */,
				818B16D925BFE72D006E374B /* Frameworks */,
				818B16DA25BFE72D006E374B /* Resources */,
			);
			buildRules = (
			);
			dependencies = (
				818B16DE25BFE72D006E374B /* PBXTargetDependency */,
			);
			name = CYHCommonLibUITests;
			productName = CYHCommonLibUITests;
			productReference = 818B16DC25BFE72D006E374B /* CYHCommonLibUITests.xctest */;
			productType = "com.apple.product-type.bundle.ui-testing";
		};
/* End PBXNativeTarget section */

/* Begin PBXProject section */
		818B16AE25BFE72C006E374B /* Project object */ = {
			isa = PBXProject;
			attributes = {
				LastUpgradeCheck = 1230;
				TargetAttributes = {
					818B16B525BFE72C006E374B = {
						CreatedOnToolsVersion = 12.3;
					};
					818B16D025BFE72D006E374B = {
						CreatedOnToolsVersion = 12.3;
						TestTargetID = 818B16B525BFE72C006E374B;
					};
					818B16DB25BFE72D006E374B = {
						CreatedOnToolsVersion = 12.3;
						TestTargetID = 818B16B525BFE72C006E374B;
					};
				};
			};
			buildConfigurationList = 818B16B125BFE72C006E374B /* Build configuration list for PBXProject "CYHCommonLib" */;
			compatibilityVersion = "Xcode 9.3";
			developmentRegion = en;
			hasScannedForEncodings = 0;
			knownRegions = (
				en,
				Base,
			);
			mainGroup = 818B16AD25BFE72C006E374B;
			productRefGroup = 818B16B725BFE72C006E374B /* Products */;
			projectDirPath = "";
			projectRoot = "";
			targets = (
				818B16B525BFE72C006E374B /* CYHCommonLib */,
				818B16D025BFE72D006E374B /* CYHCommonLibTests */,
				818B16DB25BFE72D006E374B /* CYHCommonLibUITests */,
			);
		};
/* End PBXProject section */

/* Begin PBXResourcesBuildPhase section */
		818B16B425BFE72C006E374B /* Resources */ = {
			isa = PBXResourcesBuildPhase;
			buildActionMask = 2147483647;
			files = (
				818B16C925BFE72D006E374B /* LaunchScreen.storyboard in Resources */,
				818B16C625BFE72D006E374B /* Assets.xcassets in Resources */,
				818B16C425BFE72C006E374B /* Main.storyboard in Resources */,
			);
			runOnlyForDeploymentPostprocessing = 0;
		};
		818B16CF25BFE72D006E374B /* Resources */ = {
			isa = PBXResourcesBuildPhase;
			buildActionMask = 2147483647;
			files = (
			);
			runOnlyForDeploymentPostprocessing = 0;
		};
		818B16DA25BFE72D006E374B /* Resources */ = {
			isa = PBXResourcesBuildPhase;
			buildActionMask = 2147483647;
			files = (
			);
			runOnlyForDeploymentPostprocessing = 0;
		};
/* End PBXResourcesBuildPhase section */

/* Begin PBXSourcesBuildPhase section */
		818B16B225BFE72C006E374B /* Sources */ = {
			isa = PBXSourcesBuildPhase;
			buildActionMask = 2147483647;
			files = (
				818B16C125BFE72C006E374B /* ViewController.m in Sources */,
				818B16BB25BFE72C006E374B /* AppDelegate.m in Sources */,
				818B16CC25BFE72D006E374B /* main.m in Sources */,
				818B16BE25BFE72C006E374B /* SceneDelegate.m in Sources */,
			);
			runOnlyForDeploymentPostprocessing = 0;
		};
		818B16CD25BFE72D006E374B /* Sources */ = {
			isa = PBXSourcesBuildPhase;
			buildActionMask = 2147483647;
			files = (
				818B16D625BFE72D006E374B /* CYHCommonLibTests.m in Sources */,
			);
			runOnlyForDeploymentPostprocessing = 0;
		};
		818B16D825BFE72D006E374B /* Sources */ = {
			isa = PBXSourcesBuildPhase;
			buildActionMask = 2147483647;
			files = (
				818B16E125BFE72D006E374B /* CYHCommonLibUITests.m in Sources */,
			);
			runOnlyForDeploymentPostprocessing = 0;
		};
/* End PBXSourcesBuildPhase section */

/* Begin PBXTargetDependency section */
		818B16D325BFE72D006E374B /* PBXTargetDependency */ = {
			isa = PBXTargetDependency;
			target = 818B16B525BFE72C006E374B /* CYHCommonLib */;
			targetProxy = 818B16D225BFE72D006E374B /* PBXContainerItemProxy */;
		};
		818B16DE25BFE72D006E374B /* PBXTargetDependency */ = {
			isa = PBXTargetDependency;
			target = 818B16B525BFE72C006E374B /* CYHCommonLib */;
			targetProxy = 818B16DD25BFE72D006E374B /* PBXContainerItemProxy */;
		};
/* End PBXTargetDependency section */

/* Begin PBXVariantGroup section */
		818B16C225BFE72C006E374B /* Main.storyboard */ = {
			isa = PBXVariantGroup;
			children = (
				818B16C325BFE72C006E374B /* Base */,
			);
			name = Main.storyboard;
			sourceTree = "<group>";
		};
		818B16C725BFE72D006E374B /* LaunchScreen.storyboard */ = {
			isa = PBXVariantGroup;
			children = (
				818B16C825BFE72D006E374B /* Base */,
			);
			name = LaunchScreen.storyboard;
			sourceTree = "<group>";
		};
/* End PBXVariantGroup section */

/* Begin XCBuildConfiguration section */
		818B16E325BFE72D006E374B /* Debug */ = {
			isa = XCBuildConfiguration;
			buildSettings = {
				ALWAYS_SEARCH_USER_PATHS = NO;
				CLANG_ANALYZER_NONNULL = YES;
				CLANG_ANALYZER_NUMBER_OBJECT_CONVERSION = YES_AGGRESSIVE;
				CLANG_CXX_LANGUAGE_STANDARD = "gnu++14";
				CLANG_CXX_LIBRARY = "libc++";
				CLANG_ENABLE_MODULES = YES;
				CLANG_ENABLE_OBJC_ARC = YES;
				CLANG_ENABLE_OBJC_WEAK = YES;
				CLANG_WARN_BLOCK_CAPTURE_AUTORELEASING = YES;
				CLANG_WARN_BOOL_CONVERSION = YES;
				CLANG_WARN_COMMA = YES;
				CLANG_WARN_CONSTANT_CONVERSION = YES;
				CLANG_WARN_DEPRECATED_OBJC_IMPLEMENTATIONS = YES;
				CLANG_WARN_DIRECT_OBJC_ISA_USAGE = YES_ERROR;
				CLANG_WARN_DOCUMENTATION_COMMENTS = YES;
				CLANG_WARN_EMPTY_BODY = YES;
				CLANG_WARN_ENUM_CONVERSION = YES;
				CLANG_WARN_INFINITE_RECURSION = YES;
				CLANG_WARN_INT_CONVERSION = YES;
				CLANG_WARN_NON_LITERAL_NULL_CONVERSION = YES;
				CLANG_WARN_OBJC_IMPLICIT_RETAIN_SELF = YES;
				CLANG_WARN_OBJC_LITERAL_CONVERSION = YES;
				CLANG_WARN_OBJC_ROOT_CLASS = YES_ERROR;
				CLANG_WARN_QUOTED_INCLUDE_IN_FRAMEWORK_HEADER = YES;
				CLANG_WARN_RANGE_LOOP_ANALYSIS = YES;
				CLANG_WARN_STRICT_PROTOTYPES = YES;
				CLANG_WARN_SUSPICIOUS_MOVE = YES;
				CLANG_WARN_UNGUARDED_AVAILABILITY = YES_AGGRESSIVE;
				CLANG_WARN_UNREACHABLE_CODE = YES;
				CLANG_WARN__DUPLICATE_METHOD_MATCH = YES;
				COPY_PHASE_STRIP = NO;
				DEBUG_INFORMATION_FORMAT = dwarf;
				ENABLE_STRICT_OBJC_MSGSEND = YES;
				ENABLE_TESTABILITY = YES;
				GCC_C_LANGUAGE_STANDARD = gnu11;
				GCC_DYNAMIC_NO_PIC = NO;
				GCC_NO_COMMON_BLOCKS = YES;
				GCC_OPTIMIZATION_LEVEL = 0;
				GCC_PREPROCESSOR_DEFINITIONS = (
					"DEBUG=1",
					"$(inherited)",
				);
				GCC_WARN_64_TO_32_BIT_CONVERSION = YES;
				GCC_WARN_ABOUT_RETURN_TYPE = YES_ERROR;
				GCC_WARN_UNDECLARED_SELECTOR = YES;
				GCC_WARN_UNINITIALIZED_AUTOS = YES_AGGRESSIVE;
				GCC_WARN_UNUSED_FUNCTION = YES;
				GCC_WARN_UNUSED_VARIABLE = YES;
				IPHONEOS_DEPLOYMENT_TARGET = 14.3;
				MTL_ENABLE_DEBUG_INFO = INCLUDE_SOURCE;
				MTL_FAST_MATH = YES;
				ONLY_ACTIVE_ARCH = YES;
				SDKROOT = iphoneos;
			};
			name = Debug;
		};
		818B16E425BFE72D006E374B /* Release */ = {
			isa = XCBuildConfiguration;
			buildSettings = {
				ALWAYS_SEARCH_USER_PATHS = NO;
				CLANG_ANALYZER_NONNULL = YES;
				CLANG_ANALYZER_NUMBER_OBJECT_CONVERSION = YES_AGGRESSIVE;
				CLANG_CXX_LANGUAGE_STANDARD = "gnu++14";
				CLANG_CXX_LIBRARY = "libc++";
				CLANG_ENABLE_MODULES = YES;
				CLANG_ENABLE_OBJC_ARC = YES;
				CLANG_ENABLE_OBJC_WEAK = YES;
				CLANG_WARN_BLOCK_CAPTURE_AUTORELEASING = YES;
				CLANG_WARN_BOOL_CONVERSION = YES;
				CLANG_WARN_COMMA = YES;
				CLANG_WARN_CONSTANT_CONVERSION = YES;
				CLANG_WARN_DEPRECATED_OBJC_IMPLEMENTATIONS = YES;
				CLANG_WARN_DIRECT_OBJC_ISA_USAGE = YES_ERROR;
				CLANG_WARN_DOCUMENTATION_COMMENTS = YES;
				CLANG_WARN_EMPTY_BODY = YES;
				CLANG_WARN_ENUM_CONVERSION = YES;
				CLANG_WARN_INFINITE_RECURSION = YES;
				CLANG_WARN_INT_CONVERSION = YES;
				CLANG_WARN_NON_LITERAL_NULL_CONVERSION = YES;
				CLANG_WARN_OBJC_IMPLICIT_RETAIN_SELF = YES;
				CLANG_WARN_OBJC_LITERAL_CONVERSION = YES;
				CLANG_WARN_OBJC_ROOT_CLASS = YES_ERROR;
				CLANG_WARN_QUOTED_INCLUDE_IN_FRAMEWORK_HEADER = YES;
				CLANG_WARN_RANGE_LOOP_ANALYSIS = YES;
				CLANG_WARN_STRICT_PROTOTYPES = YES;
				CLANG_WARN_SUSPICIOUS_MOVE = YES;
				CLANG_WARN_UNGUARDED_AVAILABILITY = YES_AGGRESSIVE;
				CLANG_WARN_UNREACHABLE_CODE = YES;
				CLANG_WARN__DUPLICATE_METHOD_MATCH = YES;
				COPY_PHASE_STRIP = NO;
				DEBUG_INFORMATION_FORMAT = "dwarf-with-dsym";
				ENABLE_NS_ASSERTIONS = NO;
				ENABLE_STRICT_OBJC_MSGSEND = YES;
				GCC_C_LANGUAGE_STANDARD = gnu11;
				GCC_NO_COMMON_BLOCKS = YES;
				GCC_WARN_64_TO_32_BIT_CONVERSION = YES;
				GCC_WARN_ABOUT_RETURN_TYPE = YES_ERROR;
				GCC_WARN_UNDECLARED_SELECTOR = YES;
				GCC_WARN_UNINITIALIZED_AUTOS = YES_AGGRESSIVE;
				GCC_WARN_UNUSED_FUNCTION = YES;
				GCC_WARN_UNUSED_VARIABLE = YES;
				IPHONEOS_DEPLOYMENT_TARGET = 14.3;
				MTL_ENABLE_DEBUG_INFO = NO;
				MTL_FAST_MATH = YES;
				SDKROOT = iphoneos;
				VALIDATE_PRODUCT = YES;
			};
			name = Release;
		};
		818B16E625BFE72D006E374B /* Debug */ = {
			isa = XCBuildConfiguration;
			buildSettings = {
				ASSETCATALOG_COMPILER_APPICON_NAME = AppIcon;
				ASSETCATALOG_COMPILER_GLOBAL_ACCENT_COLOR_NAME = AccentColor;
				CODE_SIGN_STYLE = Automatic;
				INFOPLIST_FILE = CYHCommonLib/Info.plist;
				LD_RUNPATH_SEARCH_PATHS = (
					"$(inherited)",
					"@executable_path/Frameworks",
				);
				PRODUCT_BUNDLE_IDENTIFIER = com.demo.CYHCommonLib;
				PRODUCT_NAME = "$(TARGET_NAME)";
				TARGETED_DEVICE_FAMILY = "1,2";
			};
			name = Debug;
		};
		818B16E725BFE72D006E374B /* Release */ = {
			isa = XCBuildConfiguration;
			buildSettings = {
				ASSETCATALOG_COMPILER_APPICON_NAME = AppIcon;
				ASSETCATALOG_COMPILER_GLOBAL_ACCENT_COLOR_NAME = AccentColor;
				CODE_SIGN_STYLE = Automatic;
				INFOPLIST_FILE = CYHCommonLib/Info.plist;
				LD_RUNPATH_SEARCH_PATHS = (
					"$(inherited)",
					"@executable_path/Frameworks",
				);
				PRODUCT_BUNDLE_IDENTIFIER = com.demo.CYHCommonLib;
				PRODUCT_NAME = "$(TARGET_NAME)";
				TARGETED_DEVICE_FAMILY = "1,2";
			};
			name = Release;
		};
		818B16E925BFE72D006E374B /* Debug */ = {
			isa = XCBuildConfiguration;
			buildSettings = {
				BUNDLE_LOADER = "$(TEST_HOST)";
				CODE_SIGN_STYLE = Automatic;
				INFOPLIST_FILE = CYHCommonLibTests/Info.plist;
				IPHONEOS_DEPLOYMENT_TARGET = 14.3;
				LD_RUNPATH_SEARCH_PATHS = (
					"$(inherited)",
					"@executable_path/Frameworks",
					"@loader_path/Frameworks",
				);
				PRODUCT_BUNDLE_IDENTIFIER = com.demo.CYHCommonLibTests;
				PRODUCT_NAME = "$(TARGET_NAME)";
				TARGETED_DEVICE_FAMILY = "1,2";
				TEST_HOST = "$(BUILT_PRODUCTS_DIR)/CYHCommonLib.app/CYHCommonLib";
			};
			name = Debug;
		};
		818B16EA25BFE72D006E374B /* Release */ = {
			isa = XCBuildConfiguration;
			buildSettings = {
				BUNDLE_LOADER = "$(TEST_HOST)";
				CODE_SIGN_STYLE = Automatic;
				INFOPLIST_FILE = CYHCommonLibTests/Info.plist;
				IPHONEOS_DEPLOYMENT_TARGET = 14.3;
				LD_RUNPATH_SEARCH_PATHS = (
					"$(inherited)",
					"@executable_path/Frameworks",
					"@loader_path/Frameworks",
				);
				PRODUCT_BUNDLE_IDENTIFIER = com.demo.CYHCommonLibTests;
				PRODUCT_NAME = "$(TARGET_NAME)";
				TARGETED_DEVICE_FAMILY = "1,2";
				TEST_HOST = "$(BUILT_PRODUCTS_DIR)/CYHCommonLib.app/CYHCommonLib";
			};
			name = Release;
		};
		818B16EC25BFE72D006E374B /* Debug */ = {
			isa = XCBuildConfiguration;
			buildSettings = {
				CODE_SIGN_STYLE = Automatic;
				INFOPLIST_FILE = CYHCommonLibUITests/Info.plist;
				LD_RUNPATH_SEARCH_PATHS = (
					"$(inherited)",
					"@executable_path/Frameworks",
					"@loader_path/Frameworks",
				);
				PRODUCT_BUNDLE_IDENTIFIER = com.demo.CYHCommonLibUITests;
				PRODUCT_NAME = "$(TARGET_NAME)";
				TARGETED_DEVICE_FAMILY = "1,2";
				TEST_TARGET_NAME = CYHCommonLib;
			};
			name = Debug;
		};
		818B16ED25BFE72D006E374B /* Release */ = {
			isa = XCBuildConfiguration;
			buildSettings = {
				CODE_SIGN_STYLE = Automatic;
				INFOPLIST_FILE = CYHCommonLibUITests/Info.plist;
				LD_RUNPATH_SEARCH_PATHS = (
					"$(inherited)",
					"@executable_path/Frameworks",
					"@loader_path/Frameworks",
				);
				PRODUCT_BUNDLE_IDENTIFIER = com.demo.CYHCommonLibUITests;
				PRODUCT_NAME = "$(TARGET_NAME)";
				TARGETED_DEVICE_FAMILY = "1,2";
				TEST_TARGET_NAME = CYHCommonLib;
			};
			name = Release;
		};
/* End XCBuildConfiguration section */

/* Begin XCConfigurationList section */
		818B16B125BFE72C006E374B /* Build configuration list for PBXProject "CYHCommonLib" */ = {
			isa = XCConfigurationList;
			buildConfigurations = (
				818B16E325BFE72D006E374B /* Debug */,
				818B16E425BFE72D006E374B /* Release */,
			);
			defaultConfigurationIsVisible = 0;
			defaultConfigurationName = Release;
		};
		818B16E525BFE72D006E374B /* Build configuration list for PBXNativeTarget "CYHCommonLib" */ = {
			isa = XCConfigurationList;
			buildConfigurations = (
				818B16E625BFE72D006E374B /* Debug */,
				818B16E725BFE72D006E374B /* Release */,
			);
			defaultConfigurationIsVisible = 0;
			defaultConfigurationName = Release;
		};
		818B16E825BFE72D006E374B /* Build configuration list for PBXNativeTarget "CYHCommonLibTests" */ = {
			isa = XCConfigurationList;
			buildConfigurations = (
				818B16E925BFE72D006E374B /* Debug */,
				818B16EA25BFE72D006E374B /* Release */,
			);
			defaultConfigurationIsVisible = 0;
			defaultConfigurationName = Release;
		};
		818B16EB25BFE72D006E374B /* Build configuration list for PBXNativeTarget "CYHCommonLibUITests" */ = {
			isa = XCConfigurationList;
			buildConfigurations = (
				818B16EC25BFE72D006E374B /* Debug */,
				818B16ED25BFE72D006E374B /* Release */,
			);
			defaultConfigurationIsVisible = 0;
			defaultConfigurationName = Release;
		};
/* End XCConfigurationList section */
	};
	rootObject = 818B16AE25BFE72C006E374B /* Project object */;
}
